// !$*UTF8*$!
{
	archiveVersion = 1;
	classes = {
	};
	objectVersion = 46;
	objects = {

/* Begin PBXBuildFile section */
		4A4DC3311D7A1CD70088CE98 /* GameItem.swift in Sources */ = {isa = PBXBuildFile; fileRef = 4A4DC3301D7A1CD70088CE98 /* GameItem.swift */; };
		4A4DC3331D7B20EE0088CE98 /* APIController.swift in Sources */ = {isa = PBXBuildFile; fileRef = 4A4DC3321D7B20EE0088CE98 /* APIController.swift */; };
		4A4DC3361D7DDE770088CE98 /* ClueBuilder.swift in Sources */ = {isa = PBXBuildFile; fileRef = 4A4DC3341D7DDE770088CE98 /* ClueBuilder.swift */; };
		4A4DC3371D7DDE770088CE98 /* Game.swift in Sources */ = {isa = PBXBuildFile; fileRef = 4A4DC3351D7DDE770088CE98 /* Game.swift */; };
		4A4DC3391D7DDE810088CE98 /* APIResult.swift in Sources */ = {isa = PBXBuildFile; fileRef = 4A4DC3381D7DDE810088CE98 /* APIResult.swift */; };
		4AB156211D78CB49004601E7 /* AppDelegate.swift in Sources */ = {isa = PBXBuildFile; fileRef = 4AB156201D78CB49004601E7 /* AppDelegate.swift */; };
		4AB156231D78CB49004601E7 /* ViewController.swift in Sources */ = {isa = PBXBuildFile; fileRef = 4AB156221D78CB49004601E7 /* ViewController.swift */; };
		4AB156261D78CB49004601E7 /* Main.storyboard in Resources */ = {isa = PBXBuildFile; fileRef = 4AB156241D78CB49004601E7 /* Main.storyboard */; };
		4AB156281D78CB49004601E7 /* Assets.xcassets in Resources */ = {isa = PBXBuildFile; fileRef = 4AB156271D78CB49004601E7 /* Assets.xcassets */; };
		4AB1562B1D78CB49004601E7 /* LaunchScreen.storyboard in Resources */ = {isa = PBXBuildFile; fileRef = 4AB156291D78CB49004601E7 /* LaunchScreen.storyboard */; };
		4AB156331D78CC6F004601E7 /* LoginViewController.swift in Sources */ = {isa = PBXBuildFile; fileRef = 4AB156321D78CC6F004601E7 /* LoginViewController.swift */; };
		4AB156351D78CEBA004601E7 /* GoogleService-Info.plist in Resources */ = {isa = PBXBuildFile; fileRef = 4AB156341D78CEBA004601E7 /* GoogleService-Info.plist */; };
		4AB156371D78CF4B004601E7 /* AppState.swift in Sources */ = {isa = PBXBuildFile; fileRef = 4AB156361D78CF4B004601E7 /* AppState.swift */; };
		4F3103807B5A22918198BAC8 /* Pods_IronTrivia.framework in Frameworks */ = {isa = PBXBuildFile; fileRef = 5871406561D06F4399DA7D86 /* Pods_IronTrivia.framework */; };
/* End PBXBuildFile section */

/* Begin PBXFileReference section */
		06DF79032A2EF27B58D9F1DF /* Pods-IronTrivia.debug.xcconfig */ = {isa = PBXFileReference; includeInIndex = 1; lastKnownFileType = text.xcconfig; name = "Pods-IronTrivia.debug.xcconfig"; path = "Pods/Target Support Files/Pods-IronTrivia/Pods-IronTrivia.debug.xcconfig"; sourceTree = "<group>"; };
		4A4DC3301D7A1CD70088CE98 /* GameItem.swift */ = {isa = PBXFileReference; fileEncoding = 4; lastKnownFileType = sourcecode.swift; path = GameItem.swift; sourceTree = "<group>"; };
		4A4DC3321D7B20EE0088CE98 /* APIController.swift */ = {isa = PBXFileReference; fileEncoding = 4; lastKnownFileType = sourcecode.swift; path = APIController.swift; sourceTree = "<group>"; };
		4A4DC3341D7DDE770088CE98 /* ClueBuilder.swift */ = {isa = PBXFileReference; fileEncoding = 4; lastKnownFileType = sourcecode.swift; path = ClueBuilder.swift; sourceTree = "<group>"; };
		4A4DC3351D7DDE770088CE98 /* Game.swift */ = {isa = PBXFileReference; fileEncoding = 4; lastKnownFileType = sourcecode.swift; path = Game.swift; sourceTree = "<group>"; };
		4A4DC3381D7DDE810088CE98 /* APIResult.swift */ = {isa = PBXFileReference; fileEncoding = 4; lastKnownFileType = sourcecode.swift; path = APIResult.swift; sourceTree = "<group>"; };
		4AB1561D1D78CB49004601E7 /* IronTrivia.app */ = {isa = PBXFileReference; explicitFileType = wrapper.application; includeInIndex = 0; path = IronTrivia.app; sourceTree = BUILT_PRODUCTS_DIR; };
		4AB156201D78CB49004601E7 /* AppDelegate.swift */ = {isa = PBXFileReference; lastKnownFileType = sourcecode.swift; path = AppDelegate.swift; sourceTree = "<group>"; };
		4AB156221D78CB49004601E7 /* ViewController.swift */ = {isa = PBXFileReference; lastKnownFileType = sourcecode.swift; path = ViewController.swift; sourceTree = "<group>"; };
		4AB156251D78CB49004601E7 /* Base */ = {isa = PBXFileReference; lastKnownFileType = file.storyboard; name = Base; path = Base.lproj/Main.storyboard; sourceTree = "<group>"; };
		4AB156271D78CB49004601E7 /* Assets.xcassets */ = {isa = PBXFileReference; lastKnownFileType = folder.assetcatalog; path = Assets.xcassets; sourceTree = "<group>"; };
		4AB1562A1D78CB49004601E7 /* Base */ = {isa = PBXFileReference; lastKnownFileType = file.storyboard; name = Base; path = Base.lproj/LaunchScreen.storyboard; sourceTree = "<group>"; };
		4AB1562C1D78CB49004601E7 /* Info.plist */ = {isa = PBXFileReference; lastKnownFileType = text.plist.xml; path = Info.plist; sourceTree = "<group>"; };
		4AB156321D78CC6F004601E7 /* LoginViewController.swift */ = {isa = PBXFileReference; fileEncoding = 4; lastKnownFileType = sourcecode.swift; path = LoginViewController.swift; sourceTree = "<group>"; };
		4AB156341D78CEBA004601E7 /* GoogleService-Info.plist */ = {isa = PBXFileReference; fileEncoding = 4; lastKnownFileType = text.plist.xml; path = "GoogleService-Info.plist"; sourceTree = "<group>"; };
		4AB156361D78CF4B004601E7 /* AppState.swift */ = {isa = PBXFileReference; fileEncoding = 4; lastKnownFileType = sourcecode.swift; path = AppState.swift; sourceTree = "<group>"; };
		5871406561D06F4399DA7D86 /* Pods_IronTrivia.framework */ = {isa = PBXFileReference; explicitFileType = wrapper.framework; includeInIndex = 0; path = Pods_IronTrivia.framework; sourceTree = BUILT_PRODUCTS_DIR; };
		5A47B3BFF94A0ECE1F82297A /* Pods-IronTrivia.release.xcconfig */ = {isa = PBXFileReference; includeInIndex = 1; lastKnownFileType = text.xcconfig; name = "Pods-IronTrivia.release.xcconfig"; path = "Pods/Target Support Files/Pods-IronTrivia/Pods-IronTrivia.release.xcconfig"; sourceTree = "<group>"; };
/* End PBXFileReference section */

/* Begin PBXFrameworksBuildPhase section */
		4AB1561A1D78CB49004601E7 /* Frameworks */ = {
			isa = PBXFrameworksBuildPhase;
			buildActionMask = 2147483647;
			files = (
				4F3103807B5A22918198BAC8 /* Pods_IronTrivia.framework in Frameworks */,
			);
			runOnlyForDeploymentPostprocessing = 0;
		};
/* End PBXFrameworksBuildPhase section */

/* Begin PBXGroup section */
		4AB156141D78CB49004601E7 = {
			isa = PBXGroup;
			children = (
				4AB1561F1D78CB49004601E7 /* IronTrivia */,
				4AB1561E1D78CB49004601E7 /* Products */,
				B93E1BAB05897F926F9D1226 /* Pods */,
				4E41AE6A6D2079F8C4AD09E2 /* Frameworks */,
			);
			sourceTree = "<group>";
		};
		4AB1561E1D78CB49004601E7 /* Products */ = {
			isa = PBXGroup;
			children = (
				4AB1561D1D78CB49004601E7 /* IronTrivia.app */,
			);
			name = Products;
			sourceTree = "<group>";
		};
		4AB1561F1D78CB49004601E7 /* IronTrivia */ = {
			isa = PBXGroup;
			children = (
				4AB156201D78CB49004601E7 /* AppDelegate.swift */,
				4A4DC3341D7DDE770088CE98 /* ClueBuilder.swift */,
				4A4DC3381D7DDE810088CE98 /* APIResult.swift */,
				4A4DC3351D7DDE770088CE98 /* Game.swift */,
				4A4DC3321D7B20EE0088CE98 /* APIController.swift */,
				4AB156361D78CF4B004601E7 /* AppState.swift */,
				4A4DC3301D7A1CD70088CE98 /* GameItem.swift */,
				4AB156221D78CB49004601E7 /* ViewController.swift */,
				4AB156321D78CC6F004601E7 /* LoginViewController.swift */,
				4AB156241D78CB49004601E7 /* Main.storyboard */,
				4AB156271D78CB49004601E7 /* Assets.xcassets */,
				4AB156291D78CB49004601E7 /* LaunchScreen.storyboard */,
				4AB156341D78CEBA004601E7 /* GoogleService-Info.plist */,
				4AB1562C1D78CB49004601E7 /* Info.plist */,
			);
			path = IronTrivia;
			sourceTree = "<group>";
		};
		4E41AE6A6D2079F8C4AD09E2 /* Frameworks */ = {
			isa = PBXGroup;
			children = (
				5871406561D06F4399DA7D86 /* Pods_IronTrivia.framework */,
			);
			name = Frameworks;
			sourceTree = "<group>";
		};
		B93E1BAB05897F926F9D1226 /* Pods */ = {
			isa = PBXGroup;
			children = (
				06DF79032A2EF27B58D9F1DF /* Pods-IronTrivia.debug.xcconfig */,
				5A47B3BFF94A0ECE1F82297A /* Pods-IronTrivia.release.xcconfig */,
			);
			name = Pods;
			sourceTree = "<group>";
		};
/* End PBXGroup section */

/* Begin PBXNativeTarget section */
		4AB1561C1D78CB49004601E7 /* IronTrivia */ = {
			isa = PBXNativeTarget;
			buildConfigurationList = 4AB1562F1D78CB49004601E7 /* Build configuration list for PBXNativeTarget "IronTrivia" */;
			buildPhases = (
				283BD6DBBFBD25D70868DFB4 /* 📦 Check Pods Manifest.lock */,
				4AB156191D78CB49004601E7 /* Sources */,
				4AB1561A1D78CB49004601E7 /* Frameworks */,
				4AB1561B1D78CB49004601E7 /* Resources */,
				2FC47761C6098140430BF27D /* 📦 Embed Pods Frameworks */,
				B2586419216BFA93D4C22824 /* 📦 Copy Pods Resources */,
			);
			buildRules = (
			);
			dependencies = (
			);
			name = IronTrivia;
			productName = IronTrivia;
			productReference = 4AB1561D1D78CB49004601E7 /* IronTrivia.app */;
			productType = "com.apple.product-type.application";
		};
/* End PBXNativeTarget section */

/* Begin PBXProject section */
		4AB156151D78CB49004601E7 /* Project object */ = {
			isa = PBXProject;
			attributes = {
				LastSwiftUpdateCheck = 0730;
				LastUpgradeCheck = 0730;
				ORGANIZATIONNAME = "Gregory Weiss";
				TargetAttributes = {
					4AB1561C1D78CB49004601E7 = {
						CreatedOnToolsVersion = 7.3.1;
					};
				};
			};
			buildConfigurationList = 4AB156181D78CB49004601E7 /* Build configuration list for PBXProject "IronTrivia" */;
			compatibilityVersion = "Xcode 3.2";
			developmentRegion = English;
			hasScannedForEncodings = 0;
			knownRegions = (
				en,
				Base,
			);
			mainGroup = 4AB156141D78CB49004601E7;
			productRefGroup = 4AB1561E1D78CB49004601E7 /* Products */;
			projectDirPath = "";
			projectRoot = "";
			targets = (
				4AB1561C1D78CB49004601E7 /* IronTrivia */,
			);
		};
/* End PBXProject section */

/* Begin PBXResourcesBuildPhase section */
		4AB1561B1D78CB49004601E7 /* Resources */ = {
			isa = PBXResourcesBuildPhase;
			buildActionMask = 2147483647;
			files = (
				4AB1562B1D78CB49004601E7 /* LaunchScreen.storyboard in Resources */,
				4AB156351D78CEBA004601E7 /* GoogleService-Info.plist in Resources */,
				4AB156281D78CB49004601E7 /* Assets.xcassets in Resources */,
				4AB156261D78CB49004601E7 /* Main.storyboard in Resources */,
			);
			runOnlyForDeploymentPostprocessing = 0;
		};
/* End PBXResourcesBuildPhase section */

/* Begin PBXShellScriptBuildPhase section */
		283BD6DBBFBD25D70868DFB4 /* 📦 Check Pods Manifest.lock */ = {
			isa = PBXShellScriptBuildPhase;
			buildActionMask = 2147483647;
			files = (
			);
			inputPaths = (
			);
			name = "📦 Check Pods Manifest.lock";
			outputPaths = (
			);
			runOnlyForDeploymentPostprocessing = 0;
			shellPath = /bin/sh;
			shellScript = "diff \"${PODS_ROOT}/../Podfile.lock\" \"${PODS_ROOT}/Manifest.lock\" > /dev/null\nif [[ $? != 0 ]] ; then\n    cat << EOM\nerror: The sandbox is not in sync with the Podfile.lock. Run 'pod install' or update your CocoaPods installation.\nEOM\n    exit 1\nfi\n";
			showEnvVarsInLog = 0;
		};
		2FC47761C6098140430BF27D /* 📦 Embed Pods Frameworks */ = {
			isa = PBXShellScriptBuildPhase;
			buildActionMask = 2147483647;
			files = (
			);
			inputPaths = (
			);
			name = "📦 Embed Pods Frameworks";
			outputPaths = (
			);
			runOnlyForDeploymentPostprocessing = 0;
			shellPath = /bin/sh;
			shellScript = "\"${SRCROOT}/Pods/Target Support Files/Pods-IronTrivia/Pods-IronTrivia-frameworks.sh\"\n";
			showEnvVarsInLog = 0;
		};
		B2586419216BFA93D4C22824 /* 📦 Copy Pods Resources */ = {
			isa = PBXShellScriptBuildPhase;
			buildActionMask = 2147483647;
			files = (
			);
			inputPaths = (
			);
			name = "📦 Copy Pods Resources";
			outputPaths = (
			);
			runOnlyForDeploymentPostprocessing = 0;
			shellPath = /bin/sh;
			shellScript = "\"${SRCROOT}/Pods/Target Support Files/Pods-IronTrivia/Pods-IronTrivia-resources.sh\"\n";
			showEnvVarsInLog = 0;
		};
/* End PBXShellScriptBuildPhase section */

/* Begin PBXSourcesBuildPhase section */
		4AB156191D78CB49004601E7 /* Sources */ = {
			isa = PBXSourcesBuildPhase;
			buildActionMask = 2147483647;
			files = (
				4A4DC3391D7DDE810088CE98 /* APIResult.swift in Sources */,
				4A4DC3361D7DDE770088CE98 /* ClueBuilder.swift in Sources */,
				4AB156331D78CC6F004601E7 /* LoginViewController.swift in Sources */,
				4AB156231D78CB49004601E7 /* ViewController.swift in Sources */,
				4A4DC3331D7B20EE0088CE98 /* APIController.swift in Sources */,
				4A4DC3311D7A1CD70088CE98 /* GameItem.swift in Sources */,
				4AB156211D78CB49004601E7 /* AppDelegate.swift in Sources */,
				4AB156371D78CF4B004601E7 /* AppState.swift in Sources */,
				4A4DC3371D7DDE770088CE98 /* Game.swift in Sources */,
			);
			runOnlyForDeploymentPostprocessing = 0;
		};
/* End PBXSourcesBuildPhase section */

/* Begin PBXVariantGroup section */
		4AB156241D78CB49004601E7 /* Main.storyboard */ = {
			isa = PBXVariantGroup;
			children = (
				4AB156251D78CB49004601E7 /* Base */,
			);
			name = Main.storyboard;
			sourceTree = "<group>";
		};
		4AB156291D78CB49004601E7 /* LaunchScreen.storyboard */ = {
			isa = PBXVariantGroup;
			children = (
				4AB1562A1D78CB49004601E7 /* Base */,
			);
			name = LaunchScreen.storyboard;
			sourceTree = "<group>";
		};
/* End PBXVariantGroup section */

/* Begin XCBuildConfiguration section */
		4AB1562D1D78CB49004601E7 /* Debug */ = {
			isa = XCBuildConfiguration;
			buildSettings = {
				ALWAYS_SEARCH_USER_PATHS = NO;
				CLANG_ANALYZER_NONNULL = YES;
				CLANG_CXX_LANGUAGE_STANDARD = "gnu++0x";
				CLANG_CXX_LIBRARY = "libc++";
				CLANG_ENABLE_MODULES = YES;
				CLANG_ENABLE_OBJC_ARC = YES;
				CLANG_WARN_BOOL_CONVERSION = YES;
				CLANG_WARN_CONSTANT_CONVERSION = YES;
				CLANG_WARN_DIRECT_OBJC_ISA_USAGE = YES_ERROR;
				CLANG_WARN_EMPTY_BODY = YES;
				CLANG_WARN_ENUM_CONVERSION = YES;
				CLANG_WARN_INT_CONVERSION = YES;
				CLANG_WARN_OBJC_ROOT_CLASS = YES_ERROR;
				CLANG_WARN_UNREACHABLE_CODE = YES;
				CLANG_WARN__DUPLICATE_METHOD_MATCH = YES;
				"CODE_SIGN_IDENTITY[sdk=iphoneos*]" = "iPhone Developer";
				COPY_PHASE_STRIP = NO;
				DEBUG_INFORMATION_FORMAT = dwarf;
				ENABLE_STRICT_OBJC_MSGSEND = YES;
				ENABLE_TESTABILITY = YES;
				GCC_C_LANGUAGE_STANDARD = gnu99;
				GCC_DYNAMIC_NO_PIC = NO;
				GCC_NO_COMMON_BLOCKS = YES;
				GCC_OPTIMIZATION_LEVEL = 0;
				GCC_PREPROCESSOR_DEFINITIONS = (
					"DEBUG=1",
					"$(inherited)",
				);
				GCC_WARN_64_TO_32_BIT_CONVERSION = YES;
				GCC_WARN_ABOUT_RETURN_TYPE = YES_ERROR;
				GCC_WARN_UNDECLARED_SELECTOR = YES;
				GCC_WARN_UNINITIALIZED_AUTOS = YES_AGGRESSIVE;
				GCC_WARN_UNUSED_FUNCTION = YES;
				GCC_WARN_UNUSED_VARIABLE = YES;
				IPHONEOS_DEPLOYMENT_TARGET = 9.3;
				MTL_ENABLE_DEBUG_INFO = YES;
				ONLY_ACTIVE_ARCH = YES;
				SDKROOT = iphoneos;
				SWIFT_OPTIMIZATION_LEVEL = "-Onone";
			};
			name = Debug;
		};
		4AB1562E1D78CB49004601E7 /* Release */ = {
			isa = XCBuildConfiguration;
			buildSettings = {
				ALWAYS_SEARCH_USER_PATHS = NO;
				CLANG_ANALYZER_NONNULL = YES;
				CLANG_CXX_LANGUAGE_STANDARD = "gnu++0x";
				CLANG_CXX_LIBRARY = "libc++";
				CLANG_ENABLE_MODULES = YES;
				CLANG_ENABLE_OBJC_ARC = YES;
				CLANG_WARN_BOOL_CONVERSION = YES;
				CLANG_WARN_CONSTANT_CONVERSION = YES;
				CLANG_WARN_DIRECT_OBJC_ISA_USAGE = YES_ERROR;
				CLANG_WARN_EMPTY_BODY = YES;
				CLANG_WARN_ENUM_CONVERSION = YES;
				CLANG_WARN_INT_CONVERSION = YES;
				CLANG_WARN_OBJC_ROOT_CLASS = YES_ERROR;
				CLANG_WARN_UNREACHABLE_CODE = YES;
				CLANG_WARN__DUPLICATE_METHOD_MATCH = YES;
				"CODE_SIGN_IDENTITY[sdk=iphoneos*]" = "iPhone Developer";
				COPY_PHASE_STRIP = NO;
				DEBUG_INFORMATION_FORMAT = "dwarf-with-dsym";
				ENABLE_NS_ASSERTIONS = NO;
				ENABLE_STRICT_OBJC_MSGSEND = YES;
				GCC_C_LANGUAGE_STANDARD = gnu99;
				GCC_NO_COMMON_BLOCKS = YES;
				GCC_WARN_64_TO_32_BIT_CONVERSION = YES;
				GCC_WARN_ABOUT_RETURN_TYPE = YES_ERROR;
				GCC_WARN_UNDECLARED_SELECTOR = YES;
				GCC_WARN_UNINITIALIZED_AUTOS = YES_AGGRESSIVE;
				GCC_WARN_UNUSED_FUNCTION = YES;
				GCC_WARN_UNUSED_VARIABLE = YES;
				IPHONEOS_DEPLOYMENT_TARGET = 9.3;
				MTL_ENABLE_DEBUG_INFO = NO;
				SDKROOT = iphoneos;
				VALIDATE_PRODUCT = YES;
			};
			name = Release;
		};
		4AB156301D78CB49004601E7 /* Debug */ = {
			isa = XCBuildConfiguration;
			baseConfigurationReference = 06DF79032A2EF27B58D9F1DF /* Pods-IronTrivia.debug.xcconfig */;
			buildSettings = {
				ASSETCATALOG_COMPILER_APPICON_NAME = AppIcon;
				INFOPLIST_FILE = IronTrivia/Info.plist;
				LD_RUNPATH_SEARCH_PATHS = "$(inherited) @executable_path/Frameworks";
				PRODUCT_BUNDLE_IDENTIFIER = com.gerusa04.IronTrivia;
				PRODUCT_NAME = "$(TARGET_NAME)";
			};
			name = Debug;
		};
		4AB156311D78CB49004601E7 /* Release */ = {
			isa = XCBuildConfiguration;
			baseConfigurationReference = 5A47B3BFF94A0ECE1F82297A /* Pods-IronTrivia.release.xcconfig */;
			buildSettings = {
				ASSETCATALOG_COMPILER_APPICON_NAME = AppIcon;
				INFOPLIST_FILE = IronTrivia/Info.plist;
				LD_RUNPATH_SEARCH_PATHS = "$(inherited) @executable_path/Frameworks";
				PRODUCT_BUNDLE_IDENTIFIER = com.gerusa04.IronTrivia;
				PRODUCT_NAME = "$(TARGET_NAME)";
			};
			name = Release;
		};
/* End XCBuildConfiguration section */

/* Begin XCConfigurationList section */
		4AB156181D78CB49004601E7 /* Build configuration list for PBXProject "IronTrivia" */ = {
			isa = XCConfigurationList;
			buildConfigurations = (
				4AB1562D1D78CB49004601E7 /* Debug */,
				4AB1562E1D78CB49004601E7 /* Release */,
			);
			defaultConfigurationIsVisible = 0;
			defaultConfigurationName = Release;
		};
		4AB1562F1D78CB49004601E7 /* Build configuration list for PBXNativeTarget "IronTrivia" */ = {
			isa = XCConfigurationList;
			buildConfigurations = (
				4AB156301D78CB49004601E7 /* Debug */,
				4AB156311D78CB49004601E7 /* Release */,
			);
			defaultConfigurationIsVisible = 0;
			defaultConfigurationName = Release;
		};
/* End XCConfigurationList section */
	};
	rootObject = 4AB156151D78CB49004601E7 /* Project object */;
}
